
Microsoft Visual Studio Solution File, Format Version 12.00
# Visual Studio Version 17
VisualStudioVersion = 17.7.34018.315
MinimumVisualStudioVersion = 10.0.40219.1
Project("{9A19103F-16F7-4668-BE54-9A1E7A4F7556}") = "CoreLayer", "CoreLayer\CoreLayer.csproj", "{1D178471-0286-49E5-8459-919A08DE364C}"
EndProject
Project("{9A19103F-16F7-4668-BE54-9A1E7A4F7556}") = "EntityLayer", "EntityLayer\EntityLayer.csproj", "{A1650D36-5F12-4847-86CF-2EA6421DA2DC}"
EndProject
Project("{9A19103F-16F7-4668-BE54-9A1E7A4F7556}") = "DataLayer", "DataLayer\DataLayer.csproj", "{EF8A20D5-1BDA-4A8E-B57F-2F120524D348}"
EndProject
Project("{9A19103F-16F7-4668-BE54-9A1E7A4F7556}") = "BusinessLayer", "BusinessLayer\BusinessLayer.csproj", "{FBB7B958-4E54-44BC-AB54-5A4E90D88DFF}"
EndProject
Project("{9A19103F-16F7-4668-BE54-9A1E7A4F7556}") = "MiniECommerceMVC", "MiniECommerceMVC\MiniECommerceMVC.csproj", "{894037EB-A81F-4B56-A76B-96F1BE7E8F8A}"
EndProject
Project("{FAE04EC0-301F-11D3-BF4B-00C04F79EFBC}") = "MiniECommerceAPI", "MiniECommerceAPI\MiniECommerceAPI.csproj", "{0BD3A48E-022D-4555-A247-6F5751DDF136}"
EndProject
Global
	GlobalSection(SolutionConfigurationPlatforms) = preSolution
		Debug|Any CPU = Debug|Any CPU
		Release|Any CPU = Release|Any CPU
	EndGlobalSection
	GlobalSection(ProjectConfigurationPlatforms) = postSolution
		{1D178471-0286-49E5-8459-919A08DE364C}.Debug|Any CPU.ActiveCfg = Debug|Any CPU
		{1D178471-0286-49E5-8459-919A08DE364C}.Debug|Any CPU.Build.0 = Debug|Any CPU
		{1D178471-0286-49E5-8459-919A08DE364C}.Release|Any CPU.ActiveCfg = Release|Any CPU
		{1D178471-0286-49E5-8459-919A08DE364C}.Release|Any CPU.Build.0 = Release|Any CPU
		{A1650D36-5F12-4847-86CF-2EA6421DA2DC}.Debug|Any CPU.ActiveCfg = Debug|Any CPU
		{A1650D36-5F12-4847-86CF-2EA6421DA2DC}.Debug|Any CPU.Build.0 = Debug|Any CPU
		{A1650D36-5F12-4847-86CF-2EA6421DA2DC}.Release|Any CPU.ActiveCfg = Release|Any CPU
		{A1650D36-5F12-4847-86CF-2EA6421DA2DC}.Release|Any CPU.Build.0 = Release|Any CPU
		{EF8A20D5-1BDA-4A8E-B57F-2F120524D348}.Debug|Any CPU.ActiveCfg = Debug|Any CPU
		{EF8A20D5-1BDA-4A8E-B57F-2F120524D348}.Debug|Any CPU.Build.0 = Debug|Any CPU
		{EF8A20D5-1BDA-4A8E-B57F-2F120524D348}.Release|Any CPU.ActiveCfg = Release|Any CPU
		{EF8A20D5-1BDA-4A8E-B57F-2F120524D348}.Release|Any CPU.Build.0 = Release|Any CPU
		{FBB7B958-4E54-44BC-AB54-5A4E90D88DFF}.Debug|Any CPU.ActiveCfg = Debug|Any CPU
		{FBB7B958-4E54-44BC-AB54-5A4E90D88DFF}.Debug|Any CPU.Build.0 = Debug|Any CPU
		{FBB7B958-4E54-44BC-AB54-5A4E90D88DFF}.Release|Any CPU.ActiveCfg = Release|Any CPU
		{FBB7B958-4E54-44BC-AB54-5A4E90D88DFF}.Release|Any CPU.Build.0 = Release|Any CPU
		{894037EB-A81F-4B56-A76B-96F1BE7E8F8A}.Debug|Any CPU.ActiveCfg = Debug|Any CPU
		{894037EB-A81F-4B56-A76B-96F1BE7E8F8A}.Debug|Any CPU.Build.0 = Debug|Any CPU
		{894037EB-A81F-4B56-A76B-96F1BE7E8F8A}.Release|Any CPU.ActiveCfg = Release|Any CPU
		{894037EB-A81F-4B56-A76B-96F1BE7E8F8A}.Release|Any CPU.Build.0 = Release|Any CPU
		{0BD3A48E-022D-4555-A247-6F5751DDF136}.Debug|Any CPU.ActiveCfg = Debug|Any CPU
		{0BD3A48E-022D-4555-A247-6F5751DDF136}.Debug|Any CPU.Build.0 = Debug|Any CPU
		{0BD3A48E-022D-4555-A247-6F5751DDF136}.Release|Any CPU.ActiveCfg = Release|Any CPU
		{0BD3A48E-022D-4555-A247-6F5751DDF136}.Release|Any CPU.Build.0 = Release|Any CPU
	EndGlobalSection
	GlobalSection(SolutionProperties) = preSolution
		HideSolutionNode = FALSE
	EndGlobalSection
	GlobalSection(ExtensibilityGlobals) = postSolution
		SolutionGuid = {3F99CE47-00C2-4478-B328-90C559A09E70}
	EndGlobalSection
EndGlobal
